
Microsoft Visual Studio Solution File, Format Version 12.00
# Visual Studio 2012
Project("{FAE04EC0-301F-11D3-BF4B-00C04F79EFBC}") = "Demo3", "Demo3\Demo3.csproj", "{537CFD2C-6114-4D1D-ADBA-1B3906A438D6}"
EndProject
Global
	GlobalSection(SolutionConfigurationPlatforms) = preSolution
		Debug|Any CPU = Debug|Any CPU
		Release|Any CPU = Release|Any CPU
	EndGlobalSection
	GlobalSection(ProjectConfigurationPlatforms) = postSolution
		{537CFD2C-6114-4D1D-ADBA-1B3906A438D6}.Debug|Any CPU.ActiveCfg = Debug|Any CPU
		{537CFD2C-6114-4D1D-ADBA-1B3906A438D6}.Debug|Any CPU.Build.0 = Debug|Any CPU
		{537CFD2C-6114-4D1D-ADBA-1B3906A438D6}.Release|Any CPU.ActiveCfg = Release|Any CPU
		{537CFD2C-6114-4D1D-ADBA-1B3906A438D6}.Release|Any CPU.Build.0 = Release|Any CPU
	EndGlobalSection
	GlobalSection(SolutionProperties) = preSolution
		HideSolutionNode = FALSE
	EndGlobalSection
EndGlobal
