
Microsoft Visual Studio Solution File, Format Version 12.00
# Visual Studio 2012
Project("{FAE04EC0-301F-11D3-BF4B-00C04F79EFBC}") = "Test03", "Test03\Test03.csproj", "{4BD5D196-6377-4030-85E1-3A5066A9553D}"
EndProject
Global
	GlobalSection(SolutionConfigurationPlatforms) = preSolution
		Debug|Any CPU = Debug|Any CPU
		Release|Any CPU = Release|Any CPU
	EndGlobalSection
	GlobalSection(ProjectConfigurationPlatforms) = postSolution
		{4BD5D196-6377-4030-85E1-3A5066A9553D}.Debug|Any CPU.ActiveCfg = Debug|Any CPU
		{4BD5D196-6377-4030-85E1-3A5066A9553D}.Debug|Any CPU.Build.0 = Debug|Any CPU
		{4BD5D196-6377-4030-85E1-3A5066A9553D}.Release|Any CPU.ActiveCfg = Release|Any CPU
		{4BD5D196-6377-4030-85E1-3A5066A9553D}.Release|Any CPU.Build.0 = Release|Any CPU
	EndGlobalSection
	GlobalSection(SolutionProperties) = preSolution
		HideSolutionNode = FALSE
	EndGlobalSection
EndGlobal
