
Microsoft Visual Studio Solution File, Format Version 12.00
# Visual Studio 2012
Project("{FAE04EC0-301F-11D3-BF4B-00C04F79EFBC}") = "Test01", "Test01\Test01.csproj", "{92E9FA38-EA04-4C87-A8E1-18042B848041}"
EndProject
Global
	GlobalSection(SolutionConfigurationPlatforms) = preSolution
		Debug|Any CPU = Debug|Any CPU
		Release|Any CPU = Release|Any CPU
	EndGlobalSection
	GlobalSection(ProjectConfigurationPlatforms) = postSolution
		{92E9FA38-EA04-4C87-A8E1-18042B848041}.Debug|Any CPU.ActiveCfg = Debug|Any CPU
		{92E9FA38-EA04-4C87-A8E1-18042B848041}.Debug|Any CPU.Build.0 = Debug|Any CPU
		{92E9FA38-EA04-4C87-A8E1-18042B848041}.Release|Any CPU.ActiveCfg = Release|Any CPU
		{92E9FA38-EA04-4C87-A8E1-18042B848041}.Release|Any CPU.Build.0 = Release|Any CPU
	EndGlobalSection
	GlobalSection(SolutionProperties) = preSolution
		HideSolutionNode = FALSE
	EndGlobalSection
EndGlobal
