
Microsoft Visual Studio Solution File, Format Version 12.00
# Visual Studio 2012
Project("{FAE04EC0-301F-11D3-BF4B-00C04F79EFBC}") = "Test05", "Test05\Test05.csproj", "{9FE7276D-DDC6-4AF6-9505-FA204DC1786E}"
EndProject
Global
	GlobalSection(SolutionConfigurationPlatforms) = preSolution
		Debug|Any CPU = Debug|Any CPU
		Release|Any CPU = Release|Any CPU
	EndGlobalSection
	GlobalSection(ProjectConfigurationPlatforms) = postSolution
		{9FE7276D-DDC6-4AF6-9505-FA204DC1786E}.Debug|Any CPU.ActiveCfg = Debug|Any CPU
		{9FE7276D-DDC6-4AF6-9505-FA204DC1786E}.Debug|Any CPU.Build.0 = Debug|Any CPU
		{9FE7276D-DDC6-4AF6-9505-FA204DC1786E}.Release|Any CPU.ActiveCfg = Release|Any CPU
		{9FE7276D-DDC6-4AF6-9505-FA204DC1786E}.Release|Any CPU.Build.0 = Release|Any CPU
	EndGlobalSection
	GlobalSection(SolutionProperties) = preSolution
		HideSolutionNode = FALSE
	EndGlobalSection
EndGlobal
