
Microsoft Visual Studio Solution File, Format Version 12.00
# Visual Studio 2012
Project("{FAE04EC0-301F-11D3-BF4B-00C04F79EFBC}") = "Test08", "Test08\Test08.csproj", "{08CFDBA7-EA0A-4800-8194-9E1702B52F4E}"
EndProject
Global
	GlobalSection(SolutionConfigurationPlatforms) = preSolution
		Debug|Any CPU = Debug|Any CPU
		Release|Any CPU = Release|Any CPU
	EndGlobalSection
	GlobalSection(ProjectConfigurationPlatforms) = postSolution
		{08CFDBA7-EA0A-4800-8194-9E1702B52F4E}.Debug|Any CPU.ActiveCfg = Debug|Any CPU
		{08CFDBA7-EA0A-4800-8194-9E1702B52F4E}.Debug|Any CPU.Build.0 = Debug|Any CPU
		{08CFDBA7-EA0A-4800-8194-9E1702B52F4E}.Release|Any CPU.ActiveCfg = Release|Any CPU
		{08CFDBA7-EA0A-4800-8194-9E1702B52F4E}.Release|Any CPU.Build.0 = Release|Any CPU
	EndGlobalSection
	GlobalSection(SolutionProperties) = preSolution
		HideSolutionNode = FALSE
	EndGlobalSection
EndGlobal
