
Microsoft Visual Studio Solution File, Format Version 12.00
# Visual Studio 2012
Project("{FAE04EC0-301F-11D3-BF4B-00C04F79EFBC}") = "Test05", "Test05\Test05.csproj", "{57601B5C-FC70-468F-B063-CA80CE4FCC6A}"
EndProject
Global
	GlobalSection(SolutionConfigurationPlatforms) = preSolution
		Debug|Any CPU = Debug|Any CPU
		Release|Any CPU = Release|Any CPU
	EndGlobalSection
	GlobalSection(ProjectConfigurationPlatforms) = postSolution
		{57601B5C-FC70-468F-B063-CA80CE4FCC6A}.Debug|Any CPU.ActiveCfg = Debug|Any CPU
		{57601B5C-FC70-468F-B063-CA80CE4FCC6A}.Debug|Any CPU.Build.0 = Debug|Any CPU
		{57601B5C-FC70-468F-B063-CA80CE4FCC6A}.Release|Any CPU.ActiveCfg = Release|Any CPU
		{57601B5C-FC70-468F-B063-CA80CE4FCC6A}.Release|Any CPU.Build.0 = Release|Any CPU
	EndGlobalSection
	GlobalSection(SolutionProperties) = preSolution
		HideSolutionNode = FALSE
	EndGlobalSection
EndGlobal
