
Microsoft Visual Studio Solution File, Format Version 12.00
# Visual Studio 2012
Project("{FAE04EC0-301F-11D3-BF4B-00C04F79EFBC}") = "Test11", "Test11\Test11.csproj", "{BED4A727-2F05-4921-835C-81638FD5EFA1}"
EndProject
Global
	GlobalSection(SolutionConfigurationPlatforms) = preSolution
		Debug|Any CPU = Debug|Any CPU
		Release|Any CPU = Release|Any CPU
	EndGlobalSection
	GlobalSection(ProjectConfigurationPlatforms) = postSolution
		{BED4A727-2F05-4921-835C-81638FD5EFA1}.Debug|Any CPU.ActiveCfg = Debug|Any CPU
		{BED4A727-2F05-4921-835C-81638FD5EFA1}.Debug|Any CPU.Build.0 = Debug|Any CPU
		{BED4A727-2F05-4921-835C-81638FD5EFA1}.Release|Any CPU.ActiveCfg = Release|Any CPU
		{BED4A727-2F05-4921-835C-81638FD5EFA1}.Release|Any CPU.Build.0 = Release|Any CPU
	EndGlobalSection
	GlobalSection(SolutionProperties) = preSolution
		HideSolutionNode = FALSE
	EndGlobalSection
EndGlobal
