
Microsoft Visual Studio Solution File, Format Version 12.00
# Visual Studio 2012
Project("{FAE04EC0-301F-11D3-BF4B-00C04F79EFBC}") = "LINQAddSql", "LINQAddSql\LINQAddSql.csproj", "{DAD17336-37D3-4AFF-93E7-EB2EFFCE5B02}"
EndProject
Global
	GlobalSection(SolutionConfigurationPlatforms) = preSolution
		Debug|Any CPU = Debug|Any CPU
		Release|Any CPU = Release|Any CPU
	EndGlobalSection
	GlobalSection(ProjectConfigurationPlatforms) = postSolution
		{DAD17336-37D3-4AFF-93E7-EB2EFFCE5B02}.Debug|Any CPU.ActiveCfg = Debug|Any CPU
		{DAD17336-37D3-4AFF-93E7-EB2EFFCE5B02}.Debug|Any CPU.Build.0 = Debug|Any CPU
		{DAD17336-37D3-4AFF-93E7-EB2EFFCE5B02}.Release|Any CPU.ActiveCfg = Release|Any CPU
		{DAD17336-37D3-4AFF-93E7-EB2EFFCE5B02}.Release|Any CPU.Build.0 = Release|Any CPU
	EndGlobalSection
	GlobalSection(SolutionProperties) = preSolution
		HideSolutionNode = FALSE
	EndGlobalSection
EndGlobal
