
Microsoft Visual Studio Solution File, Format Version 12.00
# Visual Studio 2012
Project("{FAE04EC0-301F-11D3-BF4B-00C04F79EFBC}") = "Test01", "Test01\Test01.csproj", "{CE35DB15-7EC7-4707-81F9-9386BBBD74EA}"
EndProject
Global
	GlobalSection(SolutionConfigurationPlatforms) = preSolution
		Debug|Any CPU = Debug|Any CPU
		Release|Any CPU = Release|Any CPU
	EndGlobalSection
	GlobalSection(ProjectConfigurationPlatforms) = postSolution
		{CE35DB15-7EC7-4707-81F9-9386BBBD74EA}.Debug|Any CPU.ActiveCfg = Debug|Any CPU
		{CE35DB15-7EC7-4707-81F9-9386BBBD74EA}.Debug|Any CPU.Build.0 = Debug|Any CPU
		{CE35DB15-7EC7-4707-81F9-9386BBBD74EA}.Release|Any CPU.ActiveCfg = Release|Any CPU
		{CE35DB15-7EC7-4707-81F9-9386BBBD74EA}.Release|Any CPU.Build.0 = Release|Any CPU
	EndGlobalSection
	GlobalSection(SolutionProperties) = preSolution
		HideSolutionNode = FALSE
	EndGlobalSection
EndGlobal
