
Microsoft Visual Studio Solution File, Format Version 12.00
# Visual Studio 2012
Project("{FAE04EC0-301F-11D3-BF4B-00C04F79EFBC}") = "Demo2", "Demo2\Demo2.csproj", "{98949C04-D343-4B7F-B408-2DEE5E0E59F3}"
EndProject
Global
	GlobalSection(SolutionConfigurationPlatforms) = preSolution
		Debug|Any CPU = Debug|Any CPU
		Release|Any CPU = Release|Any CPU
	EndGlobalSection
	GlobalSection(ProjectConfigurationPlatforms) = postSolution
		{98949C04-D343-4B7F-B408-2DEE5E0E59F3}.Debug|Any CPU.ActiveCfg = Debug|Any CPU
		{98949C04-D343-4B7F-B408-2DEE5E0E59F3}.Debug|Any CPU.Build.0 = Debug|Any CPU
		{98949C04-D343-4B7F-B408-2DEE5E0E59F3}.Release|Any CPU.ActiveCfg = Release|Any CPU
		{98949C04-D343-4B7F-B408-2DEE5E0E59F3}.Release|Any CPU.Build.0 = Release|Any CPU
	EndGlobalSection
	GlobalSection(SolutionProperties) = preSolution
		HideSolutionNode = FALSE
	EndGlobalSection
EndGlobal
