
Microsoft Visual Studio Solution File, Format Version 12.00
# Visual Studio 2012
Project("{FAE04EC0-301F-11D3-BF4B-00C04F79EFBC}") = "Test04", "Test04\Test04.csproj", "{823A9D68-62DF-4780-937C-CF784F00A9C1}"
EndProject
Global
	GlobalSection(SolutionConfigurationPlatforms) = preSolution
		Debug|Any CPU = Debug|Any CPU
		Release|Any CPU = Release|Any CPU
	EndGlobalSection
	GlobalSection(ProjectConfigurationPlatforms) = postSolution
		{823A9D68-62DF-4780-937C-CF784F00A9C1}.Debug|Any CPU.ActiveCfg = Debug|Any CPU
		{823A9D68-62DF-4780-937C-CF784F00A9C1}.Debug|Any CPU.Build.0 = Debug|Any CPU
		{823A9D68-62DF-4780-937C-CF784F00A9C1}.Release|Any CPU.ActiveCfg = Release|Any CPU
		{823A9D68-62DF-4780-937C-CF784F00A9C1}.Release|Any CPU.Build.0 = Release|Any CPU
	EndGlobalSection
	GlobalSection(SolutionProperties) = preSolution
		HideSolutionNode = FALSE
	EndGlobalSection
EndGlobal
