
Microsoft Visual Studio Solution File, Format Version 12.00
# Visual Studio 2012
Project("{FAE04EC0-301F-11D3-BF4B-00C04F79EFBC}") = "Test02", "Test02\Test02.csproj", "{4FB459D9-33B9-4443-A90B-6934E7CE2AD7}"
EndProject
Global
	GlobalSection(SolutionConfigurationPlatforms) = preSolution
		Debug|Any CPU = Debug|Any CPU
		Release|Any CPU = Release|Any CPU
	EndGlobalSection
	GlobalSection(ProjectConfigurationPlatforms) = postSolution
		{4FB459D9-33B9-4443-A90B-6934E7CE2AD7}.Debug|Any CPU.ActiveCfg = Debug|Any CPU
		{4FB459D9-33B9-4443-A90B-6934E7CE2AD7}.Debug|Any CPU.Build.0 = Debug|Any CPU
		{4FB459D9-33B9-4443-A90B-6934E7CE2AD7}.Release|Any CPU.ActiveCfg = Release|Any CPU
		{4FB459D9-33B9-4443-A90B-6934E7CE2AD7}.Release|Any CPU.Build.0 = Release|Any CPU
	EndGlobalSection
	GlobalSection(SolutionProperties) = preSolution
		HideSolutionNode = FALSE
	EndGlobalSection
EndGlobal
