
Microsoft Visual Studio Solution File, Format Version 12.00
# Visual Studio 2012
Project("{FAE04EC0-301F-11D3-BF4B-00C04F79EFBC}") = "Test30", "Test30\Test30.csproj", "{540F2EDE-0A05-44A6-BFB9-D23AA896C93D}"
EndProject
Global
	GlobalSection(SolutionConfigurationPlatforms) = preSolution
		Debug|Any CPU = Debug|Any CPU
		Release|Any CPU = Release|Any CPU
	EndGlobalSection
	GlobalSection(ProjectConfigurationPlatforms) = postSolution
		{540F2EDE-0A05-44A6-BFB9-D23AA896C93D}.Debug|Any CPU.ActiveCfg = Debug|Any CPU
		{540F2EDE-0A05-44A6-BFB9-D23AA896C93D}.Debug|Any CPU.Build.0 = Debug|Any CPU
		{540F2EDE-0A05-44A6-BFB9-D23AA896C93D}.Release|Any CPU.ActiveCfg = Release|Any CPU
		{540F2EDE-0A05-44A6-BFB9-D23AA896C93D}.Release|Any CPU.Build.0 = Release|Any CPU
	EndGlobalSection
	GlobalSection(SolutionProperties) = preSolution
		HideSolutionNode = FALSE
	EndGlobalSection
EndGlobal
