
Microsoft Visual Studio Solution File, Format Version 12.00
# Visual Studio 2012
Project("{FAE04EC0-301F-11D3-BF4B-00C04F79EFBC}") = "Test09", "Test09\Test09.csproj", "{BE384230-84CB-4AD3-A594-460087A0732C}"
EndProject
Global
	GlobalSection(SolutionConfigurationPlatforms) = preSolution
		Debug|Any CPU = Debug|Any CPU
		Release|Any CPU = Release|Any CPU
	EndGlobalSection
	GlobalSection(ProjectConfigurationPlatforms) = postSolution
		{BE384230-84CB-4AD3-A594-460087A0732C}.Debug|Any CPU.ActiveCfg = Debug|Any CPU
		{BE384230-84CB-4AD3-A594-460087A0732C}.Debug|Any CPU.Build.0 = Debug|Any CPU
		{BE384230-84CB-4AD3-A594-460087A0732C}.Release|Any CPU.ActiveCfg = Release|Any CPU
		{BE384230-84CB-4AD3-A594-460087A0732C}.Release|Any CPU.Build.0 = Release|Any CPU
	EndGlobalSection
	GlobalSection(SolutionProperties) = preSolution
		HideSolutionNode = FALSE
	EndGlobalSection
EndGlobal
