
Microsoft Visual Studio Solution File, Format Version 12.00
# Visual Studio 2012
Project("{FAE04EC0-301F-11D3-BF4B-00C04F79EFBC}") = "Test34", "Test34\Test34.csproj", "{C673757F-0E43-423E-A6AF-BF4B82C4562D}"
EndProject
Global
	GlobalSection(SolutionConfigurationPlatforms) = preSolution
		Debug|Any CPU = Debug|Any CPU
		Release|Any CPU = Release|Any CPU
	EndGlobalSection
	GlobalSection(ProjectConfigurationPlatforms) = postSolution
		{C673757F-0E43-423E-A6AF-BF4B82C4562D}.Debug|Any CPU.ActiveCfg = Debug|Any CPU
		{C673757F-0E43-423E-A6AF-BF4B82C4562D}.Debug|Any CPU.Build.0 = Debug|Any CPU
		{C673757F-0E43-423E-A6AF-BF4B82C4562D}.Release|Any CPU.ActiveCfg = Release|Any CPU
		{C673757F-0E43-423E-A6AF-BF4B82C4562D}.Release|Any CPU.Build.0 = Release|Any CPU
	EndGlobalSection
	GlobalSection(SolutionProperties) = preSolution
		HideSolutionNode = FALSE
	EndGlobalSection
EndGlobal
