
Microsoft Visual Studio Solution File, Format Version 12.00
# Visual Studio 2012
Project("{FAE04EC0-301F-11D3-BF4B-00C04F79EFBC}") = "Test05", "Test05\Test05.csproj", "{00CEEC48-5843-430E-A5A8-FF9417D2EA36}"
EndProject
Global
	GlobalSection(SolutionConfigurationPlatforms) = preSolution
		Debug|Any CPU = Debug|Any CPU
		Release|Any CPU = Release|Any CPU
	EndGlobalSection
	GlobalSection(ProjectConfigurationPlatforms) = postSolution
		{00CEEC48-5843-430E-A5A8-FF9417D2EA36}.Debug|Any CPU.ActiveCfg = Debug|Any CPU
		{00CEEC48-5843-430E-A5A8-FF9417D2EA36}.Debug|Any CPU.Build.0 = Debug|Any CPU
		{00CEEC48-5843-430E-A5A8-FF9417D2EA36}.Release|Any CPU.ActiveCfg = Release|Any CPU
		{00CEEC48-5843-430E-A5A8-FF9417D2EA36}.Release|Any CPU.Build.0 = Release|Any CPU
	EndGlobalSection
	GlobalSection(SolutionProperties) = preSolution
		HideSolutionNode = FALSE
	EndGlobalSection
EndGlobal
