
Microsoft Visual Studio Solution File, Format Version 12.00
# Visual Studio 2012
Project("{FAE04EC0-301F-11D3-BF4B-00C04F79EFBC}") = "Test14", "Test14\Test14.csproj", "{EE4491CB-D462-44E8-BFB2-54AAEAB7F494}"
EndProject
Global
	GlobalSection(SolutionConfigurationPlatforms) = preSolution
		Debug|Any CPU = Debug|Any CPU
		Release|Any CPU = Release|Any CPU
	EndGlobalSection
	GlobalSection(ProjectConfigurationPlatforms) = postSolution
		{EE4491CB-D462-44E8-BFB2-54AAEAB7F494}.Debug|Any CPU.ActiveCfg = Debug|Any CPU
		{EE4491CB-D462-44E8-BFB2-54AAEAB7F494}.Debug|Any CPU.Build.0 = Debug|Any CPU
		{EE4491CB-D462-44E8-BFB2-54AAEAB7F494}.Release|Any CPU.ActiveCfg = Release|Any CPU
		{EE4491CB-D462-44E8-BFB2-54AAEAB7F494}.Release|Any CPU.Build.0 = Release|Any CPU
	EndGlobalSection
	GlobalSection(SolutionProperties) = preSolution
		HideSolutionNode = FALSE
	EndGlobalSection
EndGlobal
