
Microsoft Visual Studio Solution File, Format Version 12.00
# Visual Studio 2012
Project("{FAE04EC0-301F-11D3-BF4B-00C04F79EFBC}") = "Test10", "Test10\Test10.csproj", "{2E63F328-C87E-4A30-93E1-435A879AB48F}"
EndProject
Global
	GlobalSection(SolutionConfigurationPlatforms) = preSolution
		Debug|Any CPU = Debug|Any CPU
		Release|Any CPU = Release|Any CPU
	EndGlobalSection
	GlobalSection(ProjectConfigurationPlatforms) = postSolution
		{2E63F328-C87E-4A30-93E1-435A879AB48F}.Debug|Any CPU.ActiveCfg = Debug|Any CPU
		{2E63F328-C87E-4A30-93E1-435A879AB48F}.Debug|Any CPU.Build.0 = Debug|Any CPU
		{2E63F328-C87E-4A30-93E1-435A879AB48F}.Release|Any CPU.ActiveCfg = Release|Any CPU
		{2E63F328-C87E-4A30-93E1-435A879AB48F}.Release|Any CPU.Build.0 = Release|Any CPU
	EndGlobalSection
	GlobalSection(SolutionProperties) = preSolution
		HideSolutionNode = FALSE
	EndGlobalSection
EndGlobal
